
Microsoft Visual Studio Solution File, Format Version 12.00
# Visual Studio Version 17
VisualStudioVersion = 17.3.32825.248
MinimumVisualStudioVersion = 10.0.40219.1
Project("{2150E333-8FDC-42A3-9474-1A3956D46DE8}") = "Frontend", "Frontend", "{4782726F-1294-400F-81C4-8550088E057C}"
	ProjectSection(SolutionItems) = preProject
		Bell.Reconciliation.App\Frontend\Client\Bell.Reconciliation.App.Client.csproj = Bell.Reconciliation.App\Frontend\Client\Bell.Reconciliation.App.Client.csproj
	EndProjectSection
EndProject
Project("{2150E333-8FDC-42A3-9474-1A3956D46DE8}") = "Backend", "Backend", "{796F804A-8A0D-4ACE-86E2-5717AC200179}"
EndProject
Project("{2150E333-8FDC-42A3-9474-1A3956D46DE8}") = "Common", "Common", "{A5E71674-71FF-46E4-8F1E-31F53FA089F7}"
EndProject
Project("{9A19103F-16F7-4668-BE54-9A1E7A4F7556}") = "Bell.Reconciliation.App.Server", "Bell.Reconciliation.App\Backend\Server\Bell.Reconciliation.App.Server.csproj", "{0D9EAB92-DC1B-4C1B-BEF1-75F3375E3F42}"
EndProject
Project("{9A19103F-16F7-4668-BE54-9A1E7A4F7556}") = "Bell.Reconciliation.App.Shared", "Bell.Reconciliation.App\Common\Shared\Bell.Reconciliation.App.Shared.csproj", "{0F5F9327-B1EB-4513-B961-F54C335F8C94}"
EndProject
Global
	GlobalSection(SolutionConfigurationPlatforms) = preSolution
		Debug|Any CPU = Debug|Any CPU
		Release|Any CPU = Release|Any CPU
	EndGlobalSection
	GlobalSection(ProjectConfigurationPlatforms) = postSolution
		{0D9EAB92-DC1B-4C1B-BEF1-75F3375E3F42}.Debug|Any CPU.ActiveCfg = Debug|Any CPU
		{0D9EAB92-DC1B-4C1B-BEF1-75F3375E3F42}.Debug|Any CPU.Build.0 = Debug|Any CPU
		{0D9EAB92-DC1B-4C1B-BEF1-75F3375E3F42}.Release|Any CPU.ActiveCfg = Release|Any CPU
		{0D9EAB92-DC1B-4C1B-BEF1-75F3375E3F42}.Release|Any CPU.Build.0 = Release|Any CPU
		{0F5F9327-B1EB-4513-B961-F54C335F8C94}.Debug|Any CPU.ActiveCfg = Debug|Any CPU
		{0F5F9327-B1EB-4513-B961-F54C335F8C94}.Debug|Any CPU.Build.0 = Debug|Any CPU
		{0F5F9327-B1EB-4513-B961-F54C335F8C94}.Release|Any CPU.ActiveCfg = Release|Any CPU
		{0F5F9327-B1EB-4513-B961-F54C335F8C94}.Release|Any CPU.Build.0 = Release|Any CPU
	EndGlobalSection
	GlobalSection(SolutionProperties) = preSolution
		HideSolutionNode = FALSE
	EndGlobalSection
	GlobalSection(NestedProjects) = preSolution
		{0D9EAB92-DC1B-4C1B-BEF1-75F3375E3F42} = {796F804A-8A0D-4ACE-86E2-5717AC200179}
		{0F5F9327-B1EB-4513-B961-F54C335F8C94} = {A5E71674-71FF-46E4-8F1E-31F53FA089F7}
	EndGlobalSection
	GlobalSection(ExtensibilityGlobals) = postSolution
		SolutionGuid = {64856D67-EA3E-445B-969F-51A140D90CCE}
	EndGlobalSection
EndGlobal
