
Microsoft Visual Studio Solution File, Format Version 12.00
# Visual Studio Version 17
VisualStudioVersion = 17.5.33530.505
MinimumVisualStudioVersion = 10.0.40219.1
Project("{2150E333-8FDC-42A3-9474-1A3956D46DE8}") = "Common", "Common", "{B885E817-89F5-43D0-AD03-5C66894A5570}"
EndProject
Project("{2150E333-8FDC-42A3-9474-1A3956D46DE8}") = "Client", "Client", "{5D2D0FF6-6BC9-444A-A103-C5C51B7994B8}"
EndProject
Project("{2150E333-8FDC-42A3-9474-1A3956D46DE8}") = "Server", "Server", "{B2D5937B-C0C1-40DB-9E3D-E2558AEC222D}"
EndProject
Project("{2150E333-8FDC-42A3-9474-1A3956D46DE8}") = "Desktop", "Desktop", "{70650E90-1B52-440E-960C-F6533D0C0837}"
EndProject
Project("{2150E333-8FDC-42A3-9474-1A3956D46DE8}") = "Web", "Web", "{038B8890-4E95-474D-A5AD-A1D5F914DC6A}"
EndProject
Project("{2150E333-8FDC-42A3-9474-1A3956D46DE8}") = "Shared", "Shared", "{F1DB3CDE-B724-4AD3-8A88-7C0BA51C68A4}"
EndProject
Project("{9A19103F-16F7-4668-BE54-9A1E7A4F7556}") = "Desktop.Services", "Client\Desktop\Services\Desktop.Services.csproj", "{BB615D49-BFEC-4B9A-BD56-88172B5A4D0B}"
EndProject
Project("{9A19103F-16F7-4668-BE54-9A1E7A4F7556}") = "Shared.Pages", "Client\Shared\Pages\Shared.Pages.csproj", "{B0E8D56E-68DB-4703-B90A-EA8CD782181E}"
EndProject
Project("{9A19103F-16F7-4668-BE54-9A1E7A4F7556}") = "Shared.ServiceInterfaces", "Client\Shared\ServiceInterfaces\Shared.ServiceInterfaces.csproj", "{52BCCF87-7141-4ED3-8CB3-E71843187D8C}"
EndProject
Project("{9A19103F-16F7-4668-BE54-9A1E7A4F7556}") = "Web.Client", "Client\Web\Client\Web.Client.csproj", "{3FB01B4A-F3CF-4D1A-89D6-B2FE687048C5}"
EndProject
Project("{9A19103F-16F7-4668-BE54-9A1E7A4F7556}") = "Web.Services", "Client\Web\Services\Web.Services.csproj", "{363B1B37-B7FB-4C78-9C57-758317AD2311}"
EndProject
Project("{9A19103F-16F7-4668-BE54-9A1E7A4F7556}") = "Common.Models", "Common\Models\Common.Models.csproj", "{840BDF87-8BDF-432C-9DB4-11C271ADB6FF}"
EndProject
Project("{9A19103F-16F7-4668-BE54-9A1E7A4F7556}") = "Common.Utilities", "Common\Utilities\Common.Utilities.csproj", "{21833F4D-1F0E-4981-A33E-88D4D89F9C07}"
EndProject
Project("{9A19103F-16F7-4668-BE54-9A1E7A4F7556}") = "Web.Server", "Server\Web.Server\Web.Server.csproj", "{03454547-CD92-46C0-96EA-08254CC4D060}"
EndProject
Project("{9A19103F-16F7-4668-BE54-9A1E7A4F7556}") = "Desktop.Data", "Client\Desktop\Desktop.Data\Desktop.Data.csproj", "{76F27AAE-B924-4FCA-B68D-D23B670CB776}"
EndProject
Global
	GlobalSection(SolutionConfigurationPlatforms) = preSolution
		Debug|Any CPU = Debug|Any CPU
		Release|Any CPU = Release|Any CPU
	EndGlobalSection
	GlobalSection(ProjectConfigurationPlatforms) = postSolution
		{BB615D49-BFEC-4B9A-BD56-88172B5A4D0B}.Debug|Any CPU.ActiveCfg = Debug|Any CPU
		{BB615D49-BFEC-4B9A-BD56-88172B5A4D0B}.Debug|Any CPU.Build.0 = Debug|Any CPU
		{BB615D49-BFEC-4B9A-BD56-88172B5A4D0B}.Release|Any CPU.ActiveCfg = Release|Any CPU
		{BB615D49-BFEC-4B9A-BD56-88172B5A4D0B}.Release|Any CPU.Build.0 = Release|Any CPU
		{B0E8D56E-68DB-4703-B90A-EA8CD782181E}.Debug|Any CPU.ActiveCfg = Debug|Any CPU
		{B0E8D56E-68DB-4703-B90A-EA8CD782181E}.Debug|Any CPU.Build.0 = Debug|Any CPU
		{B0E8D56E-68DB-4703-B90A-EA8CD782181E}.Release|Any CPU.ActiveCfg = Release|Any CPU
		{B0E8D56E-68DB-4703-B90A-EA8CD782181E}.Release|Any CPU.Build.0 = Release|Any CPU
		{52BCCF87-7141-4ED3-8CB3-E71843187D8C}.Debug|Any CPU.ActiveCfg = Debug|Any CPU
		{52BCCF87-7141-4ED3-8CB3-E71843187D8C}.Debug|Any CPU.Build.0 = Debug|Any CPU
		{52BCCF87-7141-4ED3-8CB3-E71843187D8C}.Release|Any CPU.ActiveCfg = Release|Any CPU
		{52BCCF87-7141-4ED3-8CB3-E71843187D8C}.Release|Any CPU.Build.0 = Release|Any CPU
		{3FB01B4A-F3CF-4D1A-89D6-B2FE687048C5}.Debug|Any CPU.ActiveCfg = Debug|Any CPU
		{3FB01B4A-F3CF-4D1A-89D6-B2FE687048C5}.Debug|Any CPU.Build.0 = Debug|Any CPU
		{3FB01B4A-F3CF-4D1A-89D6-B2FE687048C5}.Release|Any CPU.ActiveCfg = Release|Any CPU
		{3FB01B4A-F3CF-4D1A-89D6-B2FE687048C5}.Release|Any CPU.Build.0 = Release|Any CPU
		{363B1B37-B7FB-4C78-9C57-758317AD2311}.Debug|Any CPU.ActiveCfg = Debug|Any CPU
		{363B1B37-B7FB-4C78-9C57-758317AD2311}.Debug|Any CPU.Build.0 = Debug|Any CPU
		{363B1B37-B7FB-4C78-9C57-758317AD2311}.Release|Any CPU.ActiveCfg = Release|Any CPU
		{363B1B37-B7FB-4C78-9C57-758317AD2311}.Release|Any CPU.Build.0 = Release|Any CPU
		{840BDF87-8BDF-432C-9DB4-11C271ADB6FF}.Debug|Any CPU.ActiveCfg = Debug|Any CPU
		{840BDF87-8BDF-432C-9DB4-11C271ADB6FF}.Debug|Any CPU.Build.0 = Debug|Any CPU
		{840BDF87-8BDF-432C-9DB4-11C271ADB6FF}.Release|Any CPU.ActiveCfg = Release|Any CPU
		{840BDF87-8BDF-432C-9DB4-11C271ADB6FF}.Release|Any CPU.Build.0 = Release|Any CPU
		{21833F4D-1F0E-4981-A33E-88D4D89F9C07}.Debug|Any CPU.ActiveCfg = Debug|Any CPU
		{21833F4D-1F0E-4981-A33E-88D4D89F9C07}.Debug|Any CPU.Build.0 = Debug|Any CPU
		{21833F4D-1F0E-4981-A33E-88D4D89F9C07}.Release|Any CPU.ActiveCfg = Release|Any CPU
		{21833F4D-1F0E-4981-A33E-88D4D89F9C07}.Release|Any CPU.Build.0 = Release|Any CPU
		{03454547-CD92-46C0-96EA-08254CC4D060}.Debug|Any CPU.ActiveCfg = Debug|Any CPU
		{03454547-CD92-46C0-96EA-08254CC4D060}.Debug|Any CPU.Build.0 = Debug|Any CPU
		{03454547-CD92-46C0-96EA-08254CC4D060}.Release|Any CPU.ActiveCfg = Release|Any CPU
		{03454547-CD92-46C0-96EA-08254CC4D060}.Release|Any CPU.Build.0 = Release|Any CPU
		{76F27AAE-B924-4FCA-B68D-D23B670CB776}.Debug|Any CPU.ActiveCfg = Debug|Any CPU
		{76F27AAE-B924-4FCA-B68D-D23B670CB776}.Debug|Any CPU.Build.0 = Debug|Any CPU
		{76F27AAE-B924-4FCA-B68D-D23B670CB776}.Release|Any CPU.ActiveCfg = Release|Any CPU
		{76F27AAE-B924-4FCA-B68D-D23B670CB776}.Release|Any CPU.Build.0 = Release|Any CPU
	EndGlobalSection
	GlobalSection(SolutionProperties) = preSolution
		HideSolutionNode = FALSE
	EndGlobalSection
	GlobalSection(NestedProjects) = preSolution
		{70650E90-1B52-440E-960C-F6533D0C0837} = {5D2D0FF6-6BC9-444A-A103-C5C51B7994B8}
		{038B8890-4E95-474D-A5AD-A1D5F914DC6A} = {5D2D0FF6-6BC9-444A-A103-C5C51B7994B8}
		{F1DB3CDE-B724-4AD3-8A88-7C0BA51C68A4} = {5D2D0FF6-6BC9-444A-A103-C5C51B7994B8}
		{BB615D49-BFEC-4B9A-BD56-88172B5A4D0B} = {70650E90-1B52-440E-960C-F6533D0C0837}
		{B0E8D56E-68DB-4703-B90A-EA8CD782181E} = {F1DB3CDE-B724-4AD3-8A88-7C0BA51C68A4}
		{52BCCF87-7141-4ED3-8CB3-E71843187D8C} = {F1DB3CDE-B724-4AD3-8A88-7C0BA51C68A4}
		{3FB01B4A-F3CF-4D1A-89D6-B2FE687048C5} = {038B8890-4E95-474D-A5AD-A1D5F914DC6A}
		{363B1B37-B7FB-4C78-9C57-758317AD2311} = {038B8890-4E95-474D-A5AD-A1D5F914DC6A}
		{840BDF87-8BDF-432C-9DB4-11C271ADB6FF} = {B885E817-89F5-43D0-AD03-5C66894A5570}
		{21833F4D-1F0E-4981-A33E-88D4D89F9C07} = {B885E817-89F5-43D0-AD03-5C66894A5570}
		{03454547-CD92-46C0-96EA-08254CC4D060} = {B2D5937B-C0C1-40DB-9E3D-E2558AEC222D}
		{76F27AAE-B924-4FCA-B68D-D23B670CB776} = {70650E90-1B52-440E-960C-F6533D0C0837}
	EndGlobalSection
	GlobalSection(ExtensibilityGlobals) = postSolution
		SolutionGuid = {4FD2BB4C-7525-4652-9A57-BBF313ECFD88}
	EndGlobalSection
EndGlobal
