
Microsoft Visual Studio Solution File, Format Version 12.00
# Visual Studio Version 17
VisualStudioVersion = 17.5.33530.505
MinimumVisualStudioVersion = 10.0.40219.1
Project("{2150E333-8FDC-42A3-9474-1A3956D46DE8}") = "Backend", "Backend", "{44FC29F5-F080-4B83-907A-1B97B98C204F}"
EndProject
Project("{2150E333-8FDC-42A3-9474-1A3956D46DE8}") = "Common", "Common", "{E15973BE-E4BE-44F2-A2E3-62363FC24938}"
EndProject
Project("{2150E333-8FDC-42A3-9474-1A3956D46DE8}") = "Frontend", "Frontend", "{D00DB3BB-5A71-4634-AC27-4FB15B0136AC}"
EndProject
Project("{9A19103F-16F7-4668-BE54-9A1E7A4F7556}") = "Common.Models", "Common\Common.Models\Common.Models.csproj", "{B721AE03-6064-4E79-92F2-7DCFC3DC15AF}"
EndProject
Project("{2150E333-8FDC-42A3-9474-1A3956D46DE8}") = "Web.Server", "Web.Server", "{AEEDF5DC-665C-4751-9CF0-2A3D923A8D2F}"
EndProject
Project("{2150E333-8FDC-42A3-9474-1A3956D46DE8}") = "Desktop", "Desktop", "{0EC6CFBF-A88F-4489-8A50-BDA83C437434}"
EndProject
Project("{2150E333-8FDC-42A3-9474-1A3956D46DE8}") = "Shared", "Shared", "{05E9E7F8-B459-4327-81EE-E5219BF2DF08}"
EndProject
Project("{2150E333-8FDC-42A3-9474-1A3956D46DE8}") = "Web", "Web", "{FE958C5D-CF2D-45E1-A29C-3D435F2B5996}"
EndProject
Project("{9A19103F-16F7-4668-BE54-9A1E7A4F7556}") = "Web.Client", "Frontend\Web\Web.Client\Web.Client.csproj", "{AB60E1CC-DD44-4DB1-8268-2DFB5D44EAAE}"
EndProject
Project("{9A19103F-16F7-4668-BE54-9A1E7A4F7556}") = "Shared.Pages", "Frontend\Shared\Shared.Pages\Shared.Pages.csproj", "{31E77076-E580-4558-9C33-285BFF60F0BC}"
EndProject
Project("{9A19103F-16F7-4668-BE54-9A1E7A4F7556}") = "Shared.ServiceInterfaces", "Frontend\Shared\Shared.ServiceInterfaces\Shared.ServiceInterfaces.csproj", "{5C9FFD72-C7A3-45B1-AA53-C9F1784EFA64}"
EndProject
Project("{9A19103F-16F7-4668-BE54-9A1E7A4F7556}") = "Common.Utilities", "Common\Common.Utilities\Common.Utilities.csproj", "{ABB5C73C-88E6-4774-ACF4-334BDA40C335}"
EndProject
Project("{9A19103F-16F7-4668-BE54-9A1E7A4F7556}") = "Desktop.Services", "Frontend\Desktop\Desktop.Services\Desktop.Services.csproj", "{46FB18C2-4608-4016-99C9-1C83B9B0E566}"
EndProject
Project("{9A19103F-16F7-4668-BE54-9A1E7A4F7556}") = "Desktop.Maui", "Frontend\Desktop\Desktop.Maui\Desktop.Maui.csproj", "{6589C23A-4A47-434F-B77D-BED06EDBD890}"
EndProject
Project("{2150E333-8FDC-42A3-9474-1A3956D46DE8}") = "Repository", "Repository", "{39ABDB0D-12F5-496A-91F3-69675BC8A56D}"
EndProject
Project("{9A19103F-16F7-4668-BE54-9A1E7A4F7556}") = "Web.Services", "Frontend\Web\Web.Services\Web.Services.csproj", "{C14763B5-AD51-49A8-8B43-09749434D297}"
EndProject
Project("{9A19103F-16F7-4668-BE54-9A1E7A4F7556}") = "Web.Server", "Frontend\Web\Web.Server\Web.Server.csproj", "{8D1B47AB-1FB3-4162-8DF9-0E352C2E6858}"
EndProject
Project("{9A19103F-16F7-4668-BE54-9A1E7A4F7556}") = "SqliteWasmHelper", "Frontend\Web\SqliteWasmHelper\SqliteWasmHelper.csproj", "{85CC9C59-C051-4533-9E78-821A63DADC29}"
EndProject
Global
	GlobalSection(SolutionConfigurationPlatforms) = preSolution
		Debug|Any CPU = Debug|Any CPU
		Release|Any CPU = Release|Any CPU
	EndGlobalSection
	GlobalSection(ProjectConfigurationPlatforms) = postSolution
		{B721AE03-6064-4E79-92F2-7DCFC3DC15AF}.Debug|Any CPU.ActiveCfg = Debug|Any CPU
		{B721AE03-6064-4E79-92F2-7DCFC3DC15AF}.Debug|Any CPU.Build.0 = Debug|Any CPU
		{B721AE03-6064-4E79-92F2-7DCFC3DC15AF}.Release|Any CPU.ActiveCfg = Release|Any CPU
		{B721AE03-6064-4E79-92F2-7DCFC3DC15AF}.Release|Any CPU.Build.0 = Release|Any CPU
		{AB60E1CC-DD44-4DB1-8268-2DFB5D44EAAE}.Debug|Any CPU.ActiveCfg = Debug|Any CPU
		{AB60E1CC-DD44-4DB1-8268-2DFB5D44EAAE}.Debug|Any CPU.Build.0 = Debug|Any CPU
		{AB60E1CC-DD44-4DB1-8268-2DFB5D44EAAE}.Release|Any CPU.ActiveCfg = Release|Any CPU
		{AB60E1CC-DD44-4DB1-8268-2DFB5D44EAAE}.Release|Any CPU.Build.0 = Release|Any CPU
		{31E77076-E580-4558-9C33-285BFF60F0BC}.Debug|Any CPU.ActiveCfg = Debug|Any CPU
		{31E77076-E580-4558-9C33-285BFF60F0BC}.Debug|Any CPU.Build.0 = Debug|Any CPU
		{31E77076-E580-4558-9C33-285BFF60F0BC}.Release|Any CPU.ActiveCfg = Release|Any CPU
		{31E77076-E580-4558-9C33-285BFF60F0BC}.Release|Any CPU.Build.0 = Release|Any CPU
		{5C9FFD72-C7A3-45B1-AA53-C9F1784EFA64}.Debug|Any CPU.ActiveCfg = Debug|Any CPU
		{5C9FFD72-C7A3-45B1-AA53-C9F1784EFA64}.Debug|Any CPU.Build.0 = Debug|Any CPU
		{5C9FFD72-C7A3-45B1-AA53-C9F1784EFA64}.Release|Any CPU.ActiveCfg = Release|Any CPU
		{5C9FFD72-C7A3-45B1-AA53-C9F1784EFA64}.Release|Any CPU.Build.0 = Release|Any CPU
		{ABB5C73C-88E6-4774-ACF4-334BDA40C335}.Debug|Any CPU.ActiveCfg = Debug|Any CPU
		{ABB5C73C-88E6-4774-ACF4-334BDA40C335}.Debug|Any CPU.Build.0 = Debug|Any CPU
		{ABB5C73C-88E6-4774-ACF4-334BDA40C335}.Release|Any CPU.ActiveCfg = Release|Any CPU
		{ABB5C73C-88E6-4774-ACF4-334BDA40C335}.Release|Any CPU.Build.0 = Release|Any CPU
		{46FB18C2-4608-4016-99C9-1C83B9B0E566}.Debug|Any CPU.ActiveCfg = Debug|Any CPU
		{46FB18C2-4608-4016-99C9-1C83B9B0E566}.Debug|Any CPU.Build.0 = Debug|Any CPU
		{46FB18C2-4608-4016-99C9-1C83B9B0E566}.Release|Any CPU.ActiveCfg = Release|Any CPU
		{46FB18C2-4608-4016-99C9-1C83B9B0E566}.Release|Any CPU.Build.0 = Release|Any CPU
		{6589C23A-4A47-434F-B77D-BED06EDBD890}.Debug|Any CPU.ActiveCfg = Debug|Any CPU
		{6589C23A-4A47-434F-B77D-BED06EDBD890}.Debug|Any CPU.Build.0 = Debug|Any CPU
		{6589C23A-4A47-434F-B77D-BED06EDBD890}.Debug|Any CPU.Deploy.0 = Debug|Any CPU
		{6589C23A-4A47-434F-B77D-BED06EDBD890}.Release|Any CPU.ActiveCfg = Release|Any CPU
		{6589C23A-4A47-434F-B77D-BED06EDBD890}.Release|Any CPU.Build.0 = Release|Any CPU
		{6589C23A-4A47-434F-B77D-BED06EDBD890}.Release|Any CPU.Deploy.0 = Release|Any CPU
		{C14763B5-AD51-49A8-8B43-09749434D297}.Debug|Any CPU.ActiveCfg = Debug|Any CPU
		{C14763B5-AD51-49A8-8B43-09749434D297}.Debug|Any CPU.Build.0 = Debug|Any CPU
		{C14763B5-AD51-49A8-8B43-09749434D297}.Release|Any CPU.ActiveCfg = Release|Any CPU
		{C14763B5-AD51-49A8-8B43-09749434D297}.Release|Any CPU.Build.0 = Release|Any CPU
		{8D1B47AB-1FB3-4162-8DF9-0E352C2E6858}.Debug|Any CPU.ActiveCfg = Debug|Any CPU
		{8D1B47AB-1FB3-4162-8DF9-0E352C2E6858}.Debug|Any CPU.Build.0 = Debug|Any CPU
		{8D1B47AB-1FB3-4162-8DF9-0E352C2E6858}.Release|Any CPU.ActiveCfg = Release|Any CPU
		{8D1B47AB-1FB3-4162-8DF9-0E352C2E6858}.Release|Any CPU.Build.0 = Release|Any CPU
		{85CC9C59-C051-4533-9E78-821A63DADC29}.Debug|Any CPU.ActiveCfg = Debug|Any CPU
		{85CC9C59-C051-4533-9E78-821A63DADC29}.Debug|Any CPU.Build.0 = Debug|Any CPU
		{85CC9C59-C051-4533-9E78-821A63DADC29}.Release|Any CPU.ActiveCfg = Release|Any CPU
		{85CC9C59-C051-4533-9E78-821A63DADC29}.Release|Any CPU.Build.0 = Release|Any CPU
	EndGlobalSection
	GlobalSection(SolutionProperties) = preSolution
		HideSolutionNode = FALSE
	EndGlobalSection
	GlobalSection(NestedProjects) = preSolution
		{B721AE03-6064-4E79-92F2-7DCFC3DC15AF} = {E15973BE-E4BE-44F2-A2E3-62363FC24938}
		{AEEDF5DC-665C-4751-9CF0-2A3D923A8D2F} = {44FC29F5-F080-4B83-907A-1B97B98C204F}
		{0EC6CFBF-A88F-4489-8A50-BDA83C437434} = {D00DB3BB-5A71-4634-AC27-4FB15B0136AC}
		{05E9E7F8-B459-4327-81EE-E5219BF2DF08} = {D00DB3BB-5A71-4634-AC27-4FB15B0136AC}
		{FE958C5D-CF2D-45E1-A29C-3D435F2B5996} = {D00DB3BB-5A71-4634-AC27-4FB15B0136AC}
		{AB60E1CC-DD44-4DB1-8268-2DFB5D44EAAE} = {FE958C5D-CF2D-45E1-A29C-3D435F2B5996}
		{31E77076-E580-4558-9C33-285BFF60F0BC} = {05E9E7F8-B459-4327-81EE-E5219BF2DF08}
		{5C9FFD72-C7A3-45B1-AA53-C9F1784EFA64} = {05E9E7F8-B459-4327-81EE-E5219BF2DF08}
		{ABB5C73C-88E6-4774-ACF4-334BDA40C335} = {E15973BE-E4BE-44F2-A2E3-62363FC24938}
		{46FB18C2-4608-4016-99C9-1C83B9B0E566} = {0EC6CFBF-A88F-4489-8A50-BDA83C437434}
		{6589C23A-4A47-434F-B77D-BED06EDBD890} = {0EC6CFBF-A88F-4489-8A50-BDA83C437434}
		{39ABDB0D-12F5-496A-91F3-69675BC8A56D} = {0EC6CFBF-A88F-4489-8A50-BDA83C437434}
		{C14763B5-AD51-49A8-8B43-09749434D297} = {FE958C5D-CF2D-45E1-A29C-3D435F2B5996}
		{8D1B47AB-1FB3-4162-8DF9-0E352C2E6858} = {FE958C5D-CF2D-45E1-A29C-3D435F2B5996}
		{85CC9C59-C051-4533-9E78-821A63DADC29} = {FE958C5D-CF2D-45E1-A29C-3D435F2B5996}
	EndGlobalSection
	GlobalSection(ExtensibilityGlobals) = postSolution
		SolutionGuid = {B12E2B1D-EB1B-4C76-AA1E-E5332EA5947C}
	EndGlobalSection
EndGlobal
